// !$*UTF8*$!
{
	archiveVersion = 1;
	classes = {
	};
	objectVersion = 50;
	objects = {

/* Begin PBXBuildFile section */
		67A4DBE3265DF61A00515F23 /* AppDelegate.swift in Sources */ = {isa = PBXBuildFile; fileRef = 67A4DBE2265DF61A00515F23 /* AppDelegate.swift */; };
		67A4DBE5265DF61A00515F23 /* SceneDelegate.swift in Sources */ = {isa = PBXBuildFile; fileRef = 67A4DBE4265DF61A00515F23 /* SceneDelegate.swift */; };
		67A4DBE7265DF61A00515F23 /* ContentView.swift in Sources */ = {isa = PBXBuildFile; fileRef = 67A4DBE6265DF61A00515F23 /* ContentView.swift */; };
		67A4DBE9265DF61B00515F23 /* Assets.xcassets in Resources */ = {isa = PBXBuildFile; fileRef = 67A4DBE8265DF61B00515F23 /* Assets.xcassets */; };
		67A4DBEC265DF61B00515F23 /* Preview Assets.xcassets in Resources */ = {isa = PBXBuildFile; fileRef = 67A4DBEB265DF61B00515F23 /* Preview Assets.xcassets */; };
		67A4DBEF265DF61B00515F23 /* LaunchScreen.storyboard in Resources */ = {isa = PBXBuildFile; fileRef = 67A4DBED265DF61B00515F23 /* LaunchScreen.storyboard */; };
		67A4DBF8265DF64D00515F23 /* Home.swift in Sources */ = {isa = PBXBuildFile; fileRef = 67A4DBF7265DF64D00515F23 /* Home.swift */; };
		67A4DBFA265DF65600515F23 /* BlurView.swift in Sources */ = {isa = PBXBuildFile; fileRef = 67A4DBF9265DF65600515F23 /* BlurView.swift */; };
/* End PBXBuildFile section */

/* Begin PBXFileReference section */
		67A4DBDF265DF61A00515F23 /* UI-207.app */ = {isa = PBXFileReference; explicitFileType = wrapper.application; includeInIndex = 0; path = "UI-207.app"; sourceTree = BUILT_PRODUCTS_DIR; };
		67A4DBE2265DF61A00515F23 /* AppDelegate.swift */ = {isa = PBXFileReference; lastKnownFileType = sourcecode.swift; path = AppDelegate.swift; sourceTree = "<group>"; };
		67A4DBE4265DF61A00515F23 /* SceneDelegate.swift */ = {isa = PBXFileReference; lastKnownFileType = sourcecode.swift; path = SceneDelegate.swift; sourceTree = "<group>"; };
		67A4DBE6265DF61A00515F23 /* ContentView.swift */ = {isa = PBXFileReference; lastKnownFileType = sourcecode.swift; path = ContentView.swift; sourceTree = "<group>"; };
		67A4DBE8265DF61B00515F23 /* Assets.xcassets */ = {isa = PBXFileReference; lastKnownFileType = folder.assetcatalog; path = Assets.xcassets; sourceTree = "<group>"; };
		67A4DBEB265DF61B00515F23 /* Preview Assets.xcassets */ = {isa = PBXFileReference; lastKnownFileType = folder.assetcatalog; path = "Preview Assets.xcassets"; sourceTree = "<group>"; };
		67A4DBEE265DF61B00515F23 /* Base */ = {isa = PBXFileReference; lastKnownFileType = file.storyboard; name = Base; path = Base.lproj/LaunchScreen.storyboard; sourceTree = "<group>"; };
		67A4DBF0265DF61B00515F23 /* Info.plist */ = {isa = PBXFileReference; lastKnownFileType = text.plist.xml; path = Info.plist; sourceTree = "<group>"; };
		67A4DBF7265DF64D00515F23 /* Home.swift */ = {isa = PBXFileReference; lastKnownFileType = sourcecode.swift; name = Home.swift; path = ../../../Home.swift; sourceTree = "<group>"; };
		67A4DBF9265DF65600515F23 /* BlurView.swift */ = {isa = PBXFileReference; lastKnownFileType = sourcecode.swift; path = BlurView.swift; sourceTree = "<group>"; };
/* End PBXFileReference section */

/* Begin PBXFrameworksBuildPhase section */
		67A4DBDC265DF61A00515F23 /* Frameworks */ = {
			isa = PBXFrameworksBuildPhase;
			buildActionMask = 2147483647;
			files = (
			);
			runOnlyForDeploymentPostprocessing = 0;
		};
/* End PBXFrameworksBuildPhase section */

/* Begin PBXGroup section */
		67A4DBD6265DF61A00515F23 = {
			isa = PBXGroup;
			children = (
				67A4DBE1265DF61A00515F23 /* UI-207 */,
				67A4DBE0265DF61A00515F23 /* Products */,
			);
			sourceTree = "<group>";
		};
		67A4DBE0265DF61A00515F23 /* Products */ = {
			isa = PBXGroup;
			children = (
				67A4DBDF265DF61A00515F23 /* UI-207.app */,
			);
			name = Products;
			sourceTree = "<group>";
		};
		67A4DBE1265DF61A00515F23 /* UI-207 */ = {
			isa = PBXGroup;
			children = (
				67A4DBF6265DF64200515F23 /* View */,
				67A4DBE2265DF61A00515F23 /* AppDelegate.swift */,
				67A4DBE4265DF61A00515F23 /* SceneDelegate.swift */,
				67A4DBE6265DF61A00515F23 /* ContentView.swift */,
				67A4DBE8265DF61B00515F23 /* Assets.xcassets */,
				67A4DBED265DF61B00515F23 /* LaunchScreen.storyboard */,
				67A4DBF0265DF61B00515F23 /* Info.plist */,
				67A4DBEA265DF61B00515F23 /* Preview Content */,
			);
			path = "UI-207";
			sourceTree = "<group>";
		};
		67A4DBEA265DF61B00515F23 /* Preview Content */ = {
			isa = PBXGroup;
			children = (
				67A4DBEB265DF61B00515F23 /* Preview Assets.xcassets */,
			);
			path = "Preview Content";
			sourceTree = "<group>";
		};
		67A4DBF6265DF64200515F23 /* View */ = {
			isa = PBXGroup;
			children = (
				67A4DBF7265DF64D00515F23 /* Home.swift */,
				67A4DBF9265DF65600515F23 /* BlurView.swift */,
			);
			path = View;
			sourceTree = "<group>";
		};
/* End PBXGroup section */

/* Begin PBXNativeTarget section */
		67A4DBDE265DF61A00515F23 /* UI-207 */ = {
			isa = PBXNativeTarget;
			buildConfigurationList = 67A4DBF3265DF61B00515F23 /* Build configuration list for PBXNativeTarget "UI-207" */;
			buildPhases = (
				67A4DBDB265DF61A00515F23 /* Sources */,
				67A4DBDC265DF61A00515F23 /* Frameworks */,
				67A4DBDD265DF61A00515F23 /* Resources */,
			);
			buildRules = (
			);
			dependencies = (
			);
			name = "UI-207";
			productName = "UI-207";
			productReference = 67A4DBDF265DF61A00515F23 /* UI-207.app */;
			productType = "com.apple.product-type.application";
		};
/* End PBXNativeTarget section */

/* Begin PBXProject section */
		67A4DBD7265DF61A00515F23 /* Project object */ = {
			isa = PBXProject;
			attributes = {
				LastSwiftUpdateCheck = 1250;
				LastUpgradeCheck = 1250;
				TargetAttributes = {
					67A4DBDE265DF61A00515F23 = {
						CreatedOnToolsVersion = 12.5;
					};
				};
			};
			buildConfigurationList = 67A4DBDA265DF61A00515F23 /* Build configuration list for PBXProject "UI-207" */;
			compatibilityVersion = "Xcode 9.3";
			developmentRegion = en;
			hasScannedForEncodings = 0;
			knownRegions = (
				en,
				Base,
			);
			mainGroup = 67A4DBD6265DF61A00515F23;
			productRefGroup = 67A4DBE0265DF61A00515F23 /* Products */;
			projectDirPath = "";
			projectRoot = "";
			targets = (
				67A4DBDE265DF61A00515F23 /* UI-207 */,
			);
		};
/* End PBXProject section */

/* Begin PBXResourcesBuildPhase section */
		67A4DBDD265DF61A00515F23 /* Resources */ = {
			isa = PBXResourcesBuildPhase;
			buildActionMask = 2147483647;
			files = (
				67A4DBEF265DF61B00515F23 /* LaunchScreen.storyboard in Resources */,
				67A4DBEC265DF61B00515F23 /* Preview Assets.xcassets in Resources */,
				67A4DBE9265DF61B00515F23 /* Assets.xcassets in Resources */,
			);
			runOnlyForDeploymentPostprocessing = 0;
		};
/* End PBXResourcesBuildPhase section */

/* Begin PBXSourcesBuildPhase section */
		67A4DBDB265DF61A00515F23 /* Sources */ = {
			isa = PBXSourcesBuildPhase;
			buildActionMask = 2147483647;
			files = (
				67A4DBE3265DF61A00515F23 /* AppDelegate.swift in Sources */,
				67A4DBE5265DF61A00515F23 /* SceneDelegate.swift in Sources */,
				67A4DBFA265DF65600515F23 /* BlurView.swift in Sources */,
				67A4DBF8265DF64D00515F23 /* Home.swift in Sources */,
				67A4DBE7265DF61A00515F23 /* ContentView.swift in Sources */,
			);
			runOnlyForDeploymentPostprocessing = 0;
		};
/* End PBXSourcesBuildPhase section */

/* Begin PBXVariantGroup section */
		67A4DBED265DF61B00515F23 /* LaunchScreen.storyboard */ = {
			isa = PBXVariantGroup;
			children = (
				67A4DBEE265DF61B00515F23 /* Base */,
			);
			name = LaunchScreen.storyboard;
			sourceTree = "<group>";
		};
/* End PBXVariantGroup section */

/* Begin XCBuildConfiguration section */
		67A4DBF1265DF61B00515F23 /* Debug */ = {
			isa = XCBuildConfiguration;
			buildSettings = {
				ALWAYS_SEARCH_USER_PATHS = NO;
				CLANG_ANALYZER_NONNULL = YES;
				CLANG_ANALYZER_NUMBER_OBJECT_CONVERSION = YES_AGGRESSIVE;
				CLANG_CXX_LANGUAGE_STANDARD = "gnu++14";
				CLANG_CXX_LIBRARY = "libc++";
				CLANG_ENABLE_MODULES = YES;
				CLANG_ENABLE_OBJC_ARC = YES;
				CLANG_ENABLE_OBJC_WEAK = YES;
				CLANG_WARN_BLOCK_CAPTURE_AUTORELEASING = YES;
				CLANG_WARN_BOOL_CONVERSION = YES;
				CLANG_WARN_COMMA = YES;
				CLANG_WARN_CONSTANT_CONVERSION = YES;
				CLANG_WARN_DEPRECATED_OBJC_IMPLEMENTATIONS = YES;
				CLANG_WARN_DIRECT_OBJC_ISA_USAGE = YES_ERROR;
				CLANG_WARN_DOCUMENTATION_COMMENTS = YES;
				CLANG_WARN_EMPTY_BODY = YES;
				CLANG_WARN_ENUM_CONVERSION = YES;
				CLANG_WARN_INFINITE_RECURSION = YES;
				CLANG_WARN_INT_CONVERSION = YES;
				CLANG_WARN_NON_LITERAL_NULL_CONVERSION = YES;
				CLANG_WARN_OBJC_IMPLICIT_RETAIN_SELF = YES;
				CLANG_WARN_OBJC_LITERAL_CONVERSION = YES;
				CLANG_WARN_OBJC_ROOT_CLASS = YES_ERROR;
				CLANG_WARN_QUOTED_INCLUDE_IN_FRAMEWORK_HEADER = YES;
				CLANG_WARN_RANGE_LOOP_ANALYSIS = YES;
				CLANG_WARN_STRICT_PROTOTYPES = YES;
				CLANG_WARN_SUSPICIOUS_MOVE = YES;
				CLANG_WARN_UNGUARDED_AVAILABILITY = YES_AGGRESSIVE;
				CLANG_WARN_UNREACHABLE_CODE = YES;
				CLANG_WARN__DUPLICATE_METHOD_MATCH = YES;
				COPY_PHASE_STRIP = NO;
				DEBUG_INFORMATION_FORMAT = dwarf;
				ENABLE_STRICT_OBJC_MSGSEND = YES;
				ENABLE_TESTABILITY = YES;
				GCC_C_LANGUAGE_STANDARD = gnu11;
				GCC_DYNAMIC_NO_PIC = NO;
				GCC_NO_COMMON_BLOCKS = YES;
				GCC_OPTIMIZATION_LEVEL = 0;
				GCC_PREPROCESSOR_DEFINITIONS = (
					"DEBUG=1",
					"$(inherited)",
				);
				GCC_WARN_64_TO_32_BIT_CONVERSION = YES;
				GCC_WARN_ABOUT_RETURN_TYPE = YES_ERROR;
				GCC_WARN_UNDECLARED_SELECTOR = YES;
				GCC_WARN_UNINITIALIZED_AUTOS = YES_AGGRESSIVE;
				GCC_WARN_UNUSED_FUNCTION = YES;
				GCC_WARN_UNUSED_VARIABLE = YES;
				IPHONEOS_DEPLOYMENT_TARGET = 14.5;
				MTL_ENABLE_DEBUG_INFO = INCLUDE_SOURCE;
				MTL_FAST_MATH = YES;
				ONLY_ACTIVE_ARCH = YES;
				SDKROOT = iphoneos;
				SWIFT_ACTIVE_COMPILATION_CONDITIONS = DEBUG;
				SWIFT_OPTIMIZATION_LEVEL = "-Onone";
			};
			name = Debug;
		};
		67A4DBF2265DF61B00515F23 /* Release */ = {
			isa = XCBuildConfiguration;
			buildSettings = {
				ALWAYS_SEARCH_USER_PATHS = NO;
				CLANG_ANALYZER_NONNULL = YES;
				CLANG_ANALYZER_NUMBER_OBJECT_CONVERSION = YES_AGGRESSIVE;
				CLANG_CXX_LANGUAGE_STANDARD = "gnu++14";
				CLANG_CXX_LIBRARY = "libc++";
				CLANG_ENABLE_MODULES = YES;
				CLANG_ENABLE_OBJC_ARC = YES;
				CLANG_ENABLE_OBJC_WEAK = YES;
				CLANG_WARN_BLOCK_CAPTURE_AUTORELEASING = YES;
				CLANG_WARN_BOOL_CONVERSION = YES;
				CLANG_WARN_COMMA = YES;
				CLANG_WARN_CONSTANT_CONVERSION = YES;
				CLANG_WARN_DEPRECATED_OBJC_IMPLEMENTATIONS = YES;
				CLANG_WARN_DIRECT_OBJC_ISA_USAGE = YES_ERROR;
				CLANG_WARN_DOCUMENTATION_COMMENTS = YES;
				CLANG_WARN_EMPTY_BODY = YES;
				CLANG_WARN_ENUM_CONVERSION = YES;
				CLANG_WARN_INFINITE_RECURSION = YES;
				CLANG_WARN_INT_CONVERSION = YES;
				CLANG_WARN_NON_LITERAL_NULL_CONVERSION = YES;
				CLANG_WARN_OBJC_IMPLICIT_RETAIN_SELF = YES;
				CLANG_WARN_OBJC_LITERAL_CONVERSION = YES;
				CLANG_WARN_OBJC_ROOT_CLASS = YES_ERROR;
				CLANG_WARN_QUOTED_INCLUDE_IN_FRAMEWORK_HEADER = YES;
				CLANG_WARN_RANGE_LOOP_ANALYSIS = YES;
				CLANG_WARN_STRICT_PROTOTYPES = YES;
				CLANG_WARN_SUSPICIOUS_MOVE = YES;
				CLANG_WARN_UNGUARDED_AVAILABILITY = YES_AGGRESSIVE;
				CLANG_WARN_UNREACHABLE_CODE = YES;
				CLANG_WARN__DUPLICATE_METHOD_MATCH = YES;
				COPY_PHASE_STRIP = NO;
				DEBUG_INFORMATION_FORMAT = "dwarf-with-dsym";
				ENABLE_NS_ASSERTIONS = NO;
				ENABLE_STRICT_OBJC_MSGSEND = YES;
				GCC_C_LANGUAGE_STANDARD = gnu11;
				GCC_NO_COMMON_BLOCKS = YES;
				GCC_WARN_64_TO_32_BIT_CONVERSION = YES;
				GCC_WARN_ABOUT_RETURN_TYPE = YES_ERROR;
				GCC_WARN_UNDECLARED_SELECTOR = YES;
				GCC_WARN_UNINITIALIZED_AUTOS = YES_AGGRESSIVE;
				GCC_WARN_UNUSED_FUNCTION = YES;
				GCC_WARN_UNUSED_VARIABLE = YES;
				IPHONEOS_DEPLOYMENT_TARGET = 14.5;
				MTL_ENABLE_DEBUG_INFO = NO;
				MTL_FAST_MATH = YES;
				SDKROOT = iphoneos;
				SWIFT_COMPILATION_MODE = wholemodule;
				SWIFT_OPTIMIZATION_LEVEL = "-O";
				VALIDATE_PRODUCT = YES;
			};
			name = Release;
		};
		67A4DBF4265DF61B00515F23 /* Debug */ = {
			isa = XCBuildConfiguration;
			buildSettings = {
				ASSETCATALOG_COMPILER_APPICON_NAME = AppIcon;
				ASSETCATALOG_COMPILER_GLOBAL_ACCENT_COLOR_NAME = AccentColor;
				CODE_SIGN_STYLE = Automatic;
				DEVELOPMENT_ASSET_PATHS = "\"UI-207/Preview Content\"";
				ENABLE_PREVIEWS = YES;
				INFOPLIST_FILE = "UI-207/Info.plist";
				LD_RUNPATH_SEARCH_PATHS = (
					"$(inherited)",
					"@executable_path/Frameworks",
				);
				PRODUCT_BUNDLE_IDENTIFIER = "com.uzu.UI-207";
				PRODUCT_NAME = "$(TARGET_NAME)";
				SWIFT_VERSION = 5.0;
				TARGETED_DEVICE_FAMILY = "1,2";
			};
			name = Debug;
		};
		67A4DBF5265DF61B00515F23 /* Release */ = {
			isa = XCBuildConfiguration;
			buildSettings = {
				ASSETCATALOG_COMPILER_APPICON_NAME = AppIcon;
				ASSETCATALOG_COMPILER_GLOBAL_ACCENT_COLOR_NAME = AccentColor;
				CODE_SIGN_STYLE = Automatic;
				DEVELOPMENT_ASSET_PATHS = "\"UI-207/Preview Content\"";
				ENABLE_PREVIEWS = YES;
				INFOPLIST_FILE = "UI-207/Info.plist";
				LD_RUNPATH_SEARCH_PATHS = (
					"$(inherited)",
					"@executable_path/Frameworks",
				);
				PRODUCT_BUNDLE_IDENTIFIER = "com.uzu.UI-207";
				PRODUCT_NAME = "$(TARGET_NAME)";
				SWIFT_VERSION = 5.0;
				TARGETED_DEVICE_FAMILY = "1,2";
			};
			name = Release;
		};
/* End XCBuildConfiguration section */

/* Begin XCConfigurationList section */
		67A4DBDA265DF61A00515F23 /* Build configuration list for PBXProject "UI-207" */ = {
			isa = XCConfigurationList;
			buildConfigurations = (
				67A4DBF1265DF61B00515F23 /* Debug */,
				67A4DBF2265DF61B00515F23 /* Release */,
			);
			defaultConfigurationIsVisible = 0;
			defaultConfigurationName = Release;
		};
		67A4DBF3265DF61B00515F23 /* Build configuration list for PBXNativeTarget "UI-207" */ = {
			isa = XCConfigurationList;
			buildConfigurations = (
				67A4DBF4265DF61B00515F23 /* Debug */,
				67A4DBF5265DF61B00515F23 /* Release */,
			);
			defaultConfigurationIsVisible = 0;
			defaultConfigurationName = Release;
		};
/* End XCConfigurationList section */
	};
	rootObject = 67A4DBD7265DF61A00515F23 /* Project object */;
}
